// !$*UTF8*$!
{
	archiveVersion = 1;
	classes = {
	};
	objectVersion = 56;
	objects = {

/* Begin PBXBuildFile section */
		D70B95B32A520AC50085932A /* TextAndImage.swift in Sources */ = {isa = PBXBuildFile; fileRef = D70B95B22A520AC50085932A /* TextAndImage.swift */; };
		D70B95B52A5218190085932A /* TextFormatting.swift in Sources */ = {isa = PBXBuildFile; fileRef = D70B95B42A5218190085932A /* TextFormatting.swift */; };
		D741E6132B94744000AE5C08 /* Color+.swift in Sources */ = {isa = PBXBuildFile; fileRef = D741E6122B94744000AE5C08 /* Color+.swift */; };
		D7C025E32A1A805D005FFACA /* SwiftLogo.swift in Sources */ = {isa = PBXBuildFile; fileRef = D7C025E22A1A805D005FFACA /* SwiftLogo.swift */; };
		D7EFDAB52A19327C00FF758E /* SwiftUITipsApp.swift in Sources */ = {isa = PBXBuildFile; fileRef = D7EFDAB42A19327C00FF758E /* SwiftUITipsApp.swift */; };
		D7EFDAB72A19327C00FF758E /* ContentView.swift in Sources */ = {isa = PBXBuildFile; fileRef = D7EFDAB62A19327C00FF758E /* ContentView.swift */; };
		D7EFDAB92A19327E00FF758E /* Assets.xcassets in Resources */ = {isa = PBXBuildFile; fileRef = D7EFDAB82A19327E00FF758E /* Assets.xcassets */; };
		D7EFDABC2A19327E00FF758E /* Preview Assets.xcassets in Resources */ = {isa = PBXBuildFile; fileRef = D7EFDABB2A19327E00FF758E /* Preview Assets.xcassets */; };
		D7EFDAC42A1932C000FF758E /* TextTips.swift in Sources */ = {isa = PBXBuildFile; fileRef = D7EFDAC32A1932C000FF758E /* TextTips.swift */; };
/* End PBXBuildFile section */

/* Begin PBXFileReference section */
		D70B95B22A520AC50085932A /* TextAndImage.swift */ = {isa = PBXFileReference; lastKnownFileType = sourcecode.swift; path = TextAndImage.swift; sourceTree = "<group>"; };
		D70B95B42A5218190085932A /* TextFormatting.swift */ = {isa = PBXFileReference; lastKnownFileType = sourcecode.swift; path = TextFormatting.swift; sourceTree = "<group>"; };
		D741E6122B94744000AE5C08 /* Color+.swift */ = {isa = PBXFileReference; lastKnownFileType = sourcecode.swift; path = "Color+.swift"; sourceTree = "<group>"; };
		D7C025E22A1A805D005FFACA /* SwiftLogo.swift */ = {isa = PBXFileReference; lastKnownFileType = sourcecode.swift; path = SwiftLogo.swift; sourceTree = "<group>"; };
		D7EFDAB12A19327C00FF758E /* SwiftUITips.app */ = {isa = PBXFileReference; explicitFileType = wrapper.application; includeInIndex = 0; path = SwiftUITips.app; sourceTree = BUILT_PRODUCTS_DIR; };
		D7EFDAB42A19327C00FF758E /* SwiftUITipsApp.swift */ = {isa = PBXFileReference; lastKnownFileType = sourcecode.swift; path = SwiftUITipsApp.swift; sourceTree = "<group>"; };
		D7EFDAB62A19327C00FF758E /* ContentView.swift */ = {isa = PBXFileReference; lastKnownFileType = sourcecode.swift; path = ContentView.swift; sourceTree = "<group>"; };
		D7EFDAB82A19327E00FF758E /* Assets.xcassets */ = {isa = PBXFileReference; lastKnownFileType = folder.assetcatalog; path = Assets.xcassets; sourceTree = "<group>"; };
		D7EFDABB2A19327E00FF758E /* Preview Assets.xcassets */ = {isa = PBXFileReference; lastKnownFileType = folder.assetcatalog; path = "Preview Assets.xcassets"; sourceTree = "<group>"; };
		D7EFDAC32A1932C000FF758E /* TextTips.swift */ = {isa = PBXFileReference; lastKnownFileType = sourcecode.swift; path = TextTips.swift; sourceTree = "<group>"; };
/* End PBXFileReference section */

/* Begin PBXFrameworksBuildPhase section */
		D7EFDAAE2A19327C00FF758E /* Frameworks */ = {
			isa = PBXFrameworksBuildPhase;
			buildActionMask = 2147483647;
			files = (
			);
			runOnlyForDeploymentPostprocessing = 0;
		};
/* End PBXFrameworksBuildPhase section */

/* Begin PBXGroup section */
		D741E6112B94742900AE5C08 /* Extension */ = {
			isa = PBXGroup;
			children = (
				D741E6122B94744000AE5C08 /* Color+.swift */,
			);
			path = Extension;
			sourceTree = "<group>";
		};
		D7C025E12A1A804C005FFACA /* Shape */ = {
			isa = PBXGroup;
			children = (
				D7C025E22A1A805D005FFACA /* SwiftLogo.swift */,
			);
			path = Shape;
			sourceTree = "<group>";
		};
		D7EFDAA82A19327C00FF758E = {
			isa = PBXGroup;
			children = (
				D7EFDAB32A19327C00FF758E /* SwiftUITips */,
				D7EFDAB22A19327C00FF758E /* Products */,
			);
			sourceTree = "<group>";
		};
		D7EFDAB22A19327C00FF758E /* Products */ = {
			isa = PBXGroup;
			children = (
				D7EFDAB12A19327C00FF758E /* SwiftUITips.app */,
			);
			name = Products;
			sourceTree = "<group>";
		};
		D7EFDAB32A19327C00FF758E /* SwiftUITips */ = {
			isa = PBXGroup;
			children = (
				D741E6112B94742900AE5C08 /* Extension */,
				D7C025E12A1A804C005FFACA /* Shape */,
				D7EFDAC22A19328C00FF758E /* Text */,
				D7EFDAB42A19327C00FF758E /* SwiftUITipsApp.swift */,
				D7EFDAB62A19327C00FF758E /* ContentView.swift */,
				D7EFDAB82A19327E00FF758E /* Assets.xcassets */,
				D7EFDABA2A19327E00FF758E /* Preview Content */,
			);
			path = SwiftUITips;
			sourceTree = "<group>";
		};
		D7EFDABA2A19327E00FF758E /* Preview Content */ = {
			isa = PBXGroup;
			children = (
				D7EFDABB2A19327E00FF758E /* Preview Assets.xcassets */,
			);
			path = "Preview Content";
			sourceTree = "<group>";
		};
		D7EFDAC22A19328C00FF758E /* Text */ = {
			isa = PBXGroup;
			children = (
				D7EFDAC32A1932C000FF758E /* TextTips.swift */,
				D70B95B22A520AC50085932A /* TextAndImage.swift */,
				D70B95B42A5218190085932A /* TextFormatting.swift */,
			);
			path = Text;
			sourceTree = "<group>";
		};
/* End PBXGroup section */

/* Begin PBXNativeTarget section */
		D7EFDAB02A19327C00FF758E /* SwiftUITips */ = {
			isa = PBXNativeTarget;
			buildConfigurationList = D7EFDABF2A19327E00FF758E /* Build configuration list for PBXNativeTarget "SwiftUITips" */;
			buildPhases = (
				D7EFDAAD2A19327C00FF758E /* Sources */,
				D7EFDAAE2A19327C00FF758E /* Frameworks */,
				D7EFDAAF2A19327C00FF758E /* Resources */,
			);
			buildRules = (
			);
			dependencies = (
			);
			name = SwiftUITips;
			productName = SwiftUITips;
			productReference = D7EFDAB12A19327C00FF758E /* SwiftUITips.app */;
			productType = "com.apple.product-type.application";
		};
/* End PBXNativeTarget section */

/* Begin PBXProject section */
		D7EFDAA92A19327C00FF758E /* Project object */ = {
			isa = PBXProject;
			attributes = {
				BuildIndependentTargetsInParallel = 1;
				LastSwiftUpdateCheck = 1420;
				LastUpgradeCheck = 1420;
				TargetAttributes = {
					D7EFDAB02A19327C00FF758E = {
						CreatedOnToolsVersion = 14.2;
					};
				};
			};
			buildConfigurationList = D7EFDAAC2A19327C00FF758E /* Build configuration list for PBXProject "SwiftUITips" */;
			compatibilityVersion = "Xcode 14.0";
			developmentRegion = en;
			hasScannedForEncodings = 0;
			knownRegions = (
				en,
				Base,
			);
			mainGroup = D7EFDAA82A19327C00FF758E;
			productRefGroup = D7EFDAB22A19327C00FF758E /* Products */;
			projectDirPath = "";
			projectRoot = "";
			targets = (
				D7EFDAB02A19327C00FF758E /* SwiftUITips */,
			);
		};
/* End PBXProject section */

/* Begin PBXResourcesBuildPhase section */
		D7EFDAAF2A19327C00FF758E /* Resources */ = {
			isa = PBXResourcesBuildPhase;
			buildActionMask = 2147483647;
			files = (
				D7EFDABC2A19327E00FF758E /* Preview Assets.xcassets in Resources */,
				D7EFDAB92A19327E00FF758E /* Assets.xcassets in Resources */,
			);
			runOnlyForDeploymentPostprocessing = 0;
		};
/* End PBXResourcesBuildPhase section */

/* Begin PBXSourcesBuildPhase section */
		D7EFDAAD2A19327C00FF758E /* Sources */ = {
			isa = PBXSourcesBuildPhase;
			buildActionMask = 2147483647;
			files = (
				D741E6132B94744000AE5C08 /* Color+.swift in Sources */,
				D7C025E32A1A805D005FFACA /* SwiftLogo.swift in Sources */,
				D7EFDAB72A19327C00FF758E /* ContentView.swift in Sources */,
				D7EFDAB52A19327C00FF758E /* SwiftUITipsApp.swift in Sources */,
				D70B95B52A5218190085932A /* TextFormatting.swift in Sources */,
				D70B95B32A520AC50085932A /* TextAndImage.swift in Sources */,
				D7EFDAC42A1932C000FF758E /* TextTips.swift in Sources */,
			);
			runOnlyForDeploymentPostprocessing = 0;
		};
/* End PBXSourcesBuildPhase section */

/* Begin XCBuildConfiguration section */
		D7EFDABD2A19327E00FF758E /* Debug */ = {
			isa = XCBuildConfiguration;
			buildSettings = {
				ALWAYS_SEARCH_USER_PATHS = NO;
				CLANG_ANALYZER_NONNULL = YES;
				CLANG_ANALYZER_NUMBER_OBJECT_CONVERSION = YES_AGGRESSIVE;
				CLANG_CXX_LANGUAGE_STANDARD = "gnu++20";
				CLANG_ENABLE_MODULES = YES;
				CLANG_ENABLE_OBJC_ARC = YES;
				CLANG_ENABLE_OBJC_WEAK = YES;
				CLANG_WARN_BLOCK_CAPTURE_AUTORELEASING = YES;
				CLANG_WARN_BOOL_CONVERSION = YES;
				CLANG_WARN_COMMA = YES;
				CLANG_WARN_CONSTANT_CONVERSION = YES;
				CLANG_WARN_DEPRECATED_OBJC_IMPLEMENTATIONS = YES;
				CLANG_WARN_DIRECT_OBJC_ISA_USAGE = YES_ERROR;
				CLANG_WARN_DOCUMENTATION_COMMENTS = YES;
				CLANG_WARN_EMPTY_BODY = YES;
				CLANG_WARN_ENUM_CONVERSION = YES;
				CLANG_WARN_INFINITE_RECURSION = YES;
				CLANG_WARN_INT_CONVERSION = YES;
				CLANG_WARN_NON_LITERAL_NULL_CONVERSION = YES;
				CLANG_WARN_OBJC_IMPLICIT_RETAIN_SELF = YES;
				CLANG_WARN_OBJC_LITERAL_CONVERSION = YES;
				CLANG_WARN_OBJC_ROOT_CLASS = YES_ERROR;
				CLANG_WARN_QUOTED_INCLUDE_IN_FRAMEWORK_HEADER = YES;
				CLANG_WARN_RANGE_LOOP_ANALYSIS = YES;
				CLANG_WARN_STRICT_PROTOTYPES = YES;
				CLANG_WARN_SUSPICIOUS_MOVE = YES;
				CLANG_WARN_UNGUARDED_AVAILABILITY = YES_AGGRESSIVE;
				CLANG_WARN_UNREACHABLE_CODE = YES;
				CLANG_WARN__DUPLICATE_METHOD_MATCH = YES;
				COPY_PHASE_STRIP = NO;
				DEBUG_INFORMATION_FORMAT = dwarf;
				ENABLE_STRICT_OBJC_MSGSEND = YES;
				ENABLE_TESTABILITY = YES;
				GCC_C_LANGUAGE_STANDARD = gnu11;
				GCC_DYNAMIC_NO_PIC = NO;
				GCC_NO_COMMON_BLOCKS = YES;
				GCC_OPTIMIZATION_LEVEL = 0;
				GCC_PREPROCESSOR_DEFINITIONS = (
					"DEBUG=1",
					"$(inherited)",
				);
				GCC_WARN_64_TO_32_BIT_CONVERSION = YES;
				GCC_WARN_ABOUT_RETURN_TYPE = YES_ERROR;
				GCC_WARN_UNDECLARED_SELECTOR = YES;
				GCC_WARN_UNINITIALIZED_AUTOS = YES_AGGRESSIVE;
				GCC_WARN_UNUSED_FUNCTION = YES;
				GCC_WARN_UNUSED_VARIABLE = YES;
				IPHONEOS_DEPLOYMENT_TARGET = 16.2;
				MTL_ENABLE_DEBUG_INFO = INCLUDE_SOURCE;
				MTL_FAST_MATH = YES;
				ONLY_ACTIVE_ARCH = YES;
				SDKROOT = iphoneos;
				SWIFT_ACTIVE_COMPILATION_CONDITIONS = DEBUG;
				SWIFT_OPTIMIZATION_LEVEL = "-Onone";
			};
			name = Debug;
		};
		D7EFDABE2A19327E00FF758E /* Release */ = {
			isa = XCBuildConfiguration;
			buildSettings = {
				ALWAYS_SEARCH_USER_PATHS = NO;
				CLANG_ANALYZER_NONNULL = YES;
				CLANG_ANALYZER_NUMBER_OBJECT_CONVERSION = YES_AGGRESSIVE;
				CLANG_CXX_LANGUAGE_STANDARD = "gnu++20";
				CLANG_ENABLE_MODULES = YES;
				CLANG_ENABLE_OBJC_ARC = YES;
				CLANG_ENABLE_OBJC_WEAK = YES;
				CLANG_WARN_BLOCK_CAPTURE_AUTORELEASING = YES;
				CLANG_WARN_BOOL_CONVERSION = YES;
				CLANG_WARN_COMMA = YES;
				CLANG_WARN_CONSTANT_CONVERSION = YES;
				CLANG_WARN_DEPRECATED_OBJC_IMPLEMENTATIONS = YES;
				CLANG_WARN_DIRECT_OBJC_ISA_USAGE = YES_ERROR;
				CLANG_WARN_DOCUMENTATION_COMMENTS = YES;
				CLANG_WARN_EMPTY_BODY = YES;
				CLANG_WARN_ENUM_CONVERSION = YES;
				CLANG_WARN_INFINITE_RECURSION = YES;
				CLANG_WARN_INT_CONVERSION = YES;
				CLANG_WARN_NON_LITERAL_NULL_CONVERSION = YES;
				CLANG_WARN_OBJC_IMPLICIT_RETAIN_SELF = YES;
				CLANG_WARN_OBJC_LITERAL_CONVERSION = YES;
				CLANG_WARN_OBJC_ROOT_CLASS = YES_ERROR;
				CLANG_WARN_QUOTED_INCLUDE_IN_FRAMEWORK_HEADER = YES;
				CLANG_WARN_RANGE_LOOP_ANALYSIS = YES;
				CLANG_WARN_STRICT_PROTOTYPES = YES;
				CLANG_WARN_SUSPICIOUS_MOVE = YES;
				CLANG_WARN_UNGUARDED_AVAILABILITY = YES_AGGRESSIVE;
				CLANG_WARN_UNREACHABLE_CODE = YES;
				CLANG_WARN__DUPLICATE_METHOD_MATCH = YES;
				COPY_PHASE_STRIP = NO;
				DEBUG_INFORMATION_FORMAT = "dwarf-with-dsym";
				ENABLE_NS_ASSERTIONS = NO;
				ENABLE_STRICT_OBJC_MSGSEND = YES;
				GCC_C_LANGUAGE_STANDARD = gnu11;
				GCC_NO_COMMON_BLOCKS = YES;
				GCC_WARN_64_TO_32_BIT_CONVERSION = YES;
				GCC_WARN_ABOUT_RETURN_TYPE = YES_ERROR;
				GCC_WARN_UNDECLARED_SELECTOR = YES;
				GCC_WARN_UNINITIALIZED_AUTOS = YES_AGGRESSIVE;
				GCC_WARN_UNUSED_FUNCTION = YES;
				GCC_WARN_UNUSED_VARIABLE = YES;
				IPHONEOS_DEPLOYMENT_TARGET = 16.2;
				MTL_ENABLE_DEBUG_INFO = NO;
				MTL_FAST_MATH = YES;
				SDKROOT = iphoneos;
				SWIFT_COMPILATION_MODE = wholemodule;
				SWIFT_OPTIMIZATION_LEVEL = "-O";
				VALIDATE_PRODUCT = YES;
			};
			name = Release;
		};
		D7EFDAC02A19327E00FF758E /* Debug */ = {
			isa = XCBuildConfiguration;
			buildSettings = {
				ASSETCATALOG_COMPILER_APPICON_NAME = AppIcon;
				ASSETCATALOG_COMPILER_GLOBAL_ACCENT_COLOR_NAME = AccentColor;
				CODE_SIGN_STYLE = Automatic;
				CURRENT_PROJECT_VERSION = 1;
				DEVELOPMENT_ASSET_PATHS = "\"SwiftUITips/Preview Content\"";
				ENABLE_PREVIEWS = YES;
				GENERATE_INFOPLIST_FILE = YES;
				INFOPLIST_KEY_UIApplicationSceneManifest_Generation = YES;
				INFOPLIST_KEY_UIApplicationSupportsIndirectInputEvents = YES;
				INFOPLIST_KEY_UILaunchScreen_Generation = YES;
				INFOPLIST_KEY_UISupportedInterfaceOrientations_iPad = "UIInterfaceOrientationPortrait UIInterfaceOrientationPortraitUpsideDown UIInterfaceOrientationLandscapeLeft UIInterfaceOrientationLandscapeRight";
				INFOPLIST_KEY_UISupportedInterfaceOrientations_iPhone = "UIInterfaceOrientationPortrait UIInterfaceOrientationLandscapeLeft UIInterfaceOrientationLandscapeRight";
				LD_RUNPATH_SEARCH_PATHS = (
					"$(inherited)",
					"@executable_path/Frameworks",
				);
				MARKETING_VERSION = 1.0;
				PRODUCT_BUNDLE_IDENTIFIER = com.smyy.SwiftUITips;
				PRODUCT_NAME = "$(TARGET_NAME)";
				SWIFT_EMIT_LOC_STRINGS = YES;
				SWIFT_VERSION = 5.0;
				TARGETED_DEVICE_FAMILY = "1,2";
			};
			name = Debug;
		};
		D7EFDAC12A19327E00FF758E /* Release */ = {
			isa = XCBuildConfiguration;
			buildSettings = {
				ASSETCATALOG_COMPILER_APPICON_NAME = AppIcon;
				ASSETCATALOG_COMPILER_GLOBAL_ACCENT_COLOR_NAME = AccentColor;
				CODE_SIGN_STYLE = Automatic;
				CURRENT_PROJECT_VERSION = 1;
				DEVELOPMENT_ASSET_PATHS = "\"SwiftUITips/Preview Content\"";
				ENABLE_PREVIEWS = YES;
				GENERATE_INFOPLIST_FILE = YES;
				INFOPLIST_KEY_UIApplicationSceneManifest_Generation = YES;
				INFOPLIST_KEY_UIApplicationSupportsIndirectInputEvents = YES;
				INFOPLIST_KEY_UILaunchScreen_Generation = YES;
				INFOPLIST_KEY_UISupportedInterfaceOrientations_iPad = "UIInterfaceOrientationPortrait UIInterfaceOrientationPortraitUpsideDown UIInterfaceOrientationLandscapeLeft UIInterfaceOrientationLandscapeRight";
				INFOPLIST_KEY_UISupportedInterfaceOrientations_iPhone = "UIInterfaceOrientationPortrait UIInterfaceOrientationLandscapeLeft UIInterfaceOrientationLandscapeRight";
				LD_RUNPATH_SEARCH_PATHS = (
					"$(inherited)",
					"@executable_path/Frameworks",
				);
				MARKETING_VERSION = 1.0;
				PRODUCT_BUNDLE_IDENTIFIER = com.smyy.SwiftUITips;
				PRODUCT_NAME = "$(TARGET_NAME)";
				SWIFT_EMIT_LOC_STRINGS = YES;
				SWIFT_VERSION = 5.0;
				TARGETED_DEVICE_FAMILY = "1,2";
			};
			name = Release;
		};
/* End XCBuildConfiguration section */

/* Begin XCConfigurationList section */
		D7EFDAAC2A19327C00FF758E /* Build configuration list for PBXProject "SwiftUITips" */ = {
			isa = XCConfigurationList;
			buildConfigurations = (
				D7EFDABD2A19327E00FF758E /* Debug */,
				D7EFDABE2A19327E00FF758E /* Release */,
			);
			defaultConfigurationIsVisible = 0;
			defaultConfigurationName = Release;
		};
		D7EFDABF2A19327E00FF758E /* Build configuration list for PBXNativeTarget "SwiftUITips" */ = {
			isa = XCConfigurationList;
			buildConfigurations = (
				D7EFDAC02A19327E00FF758E /* Debug */,
				D7EFDAC12A19327E00FF758E /* Release */,
			);
			defaultConfigurationIsVisible = 0;
			defaultConfigurationName = Release;
		};
/* End XCConfigurationList section */
	};
	rootObject = D7EFDAA92A19327C00FF758E /* Project object */;
}
